
Microsoft Visual Studio Solution File, Format Version 12.00
# Visual Studio Version 17
VisualStudioVersion = 17.3.32929.385
MinimumVisualStudioVersion = 10.0.40219.1
Project("{FAE04EC0-301F-11D3-BF4B-00C04F79EFBC}") = "ClassMetotDemo", "ClassMetotDemo\ClassMetotDemo.csproj", "{F1A9FBDE-F0F3-4E2E-809F-EB8BD9AF943E}"
EndProject
Global
	GlobalSection(SolutionConfigurationPlatforms) = preSolution
		Debug|Any CPU = Debug|Any CPU
		Release|Any CPU = Release|Any CPU
	EndGlobalSection
	GlobalSection(ProjectConfigurationPlatforms) = postSolution
		{F1A9FBDE-F0F3-4E2E-809F-EB8BD9AF943E}.Debug|Any CPU.ActiveCfg = Debug|Any CPU
		{F1A9FBDE-F0F3-4E2E-809F-EB8BD9AF943E}.Debug|Any CPU.Build.0 = Debug|Any CPU
		{F1A9FBDE-F0F3-4E2E-809F-EB8BD9AF943E}.Release|Any CPU.ActiveCfg = Release|Any CPU
		{F1A9FBDE-F0F3-4E2E-809F-EB8BD9AF943E}.Release|Any CPU.Build.0 = Release|Any CPU
	EndGlobalSection
	GlobalSection(SolutionProperties) = preSolution
		HideSolutionNode = FALSE
	EndGlobalSection
	GlobalSection(ExtensibilityGlobals) = postSolution
		SolutionGuid = {25CF3FC9-0683-4CF7-B0F5-67D4EE113D0A}
	EndGlobalSection
EndGlobal
